Microsoft Visual Studio Solution File, Format Version 11.00
# Visual Studio 2008

Project("{0DD31FB1-A002-79F4-B2F3-BABB1A497774}") = "CellularAutomata", "Assembly-CSharp-firstpass.csproj", "{D9F60879-02CD-C397-45FA-CAAC3F578831}"
EndProject
Project("{0DD31FB1-A002-79F4-B2F3-BABB1A497774}") = "CellularAutomata", "Assembly-CSharp.csproj", "{CD893B69-087B-2EC7-CFD6-011F6B6A8C90}"
EndProject
Project("{0DD31FB1-A002-79F4-B2F3-BABB1A497774}") = "CellularAutomata", "Assembly-CSharp-Editor.csproj", "{7D4A7FD4-4E94-6D6F-A316-6D2511C280BE}"
EndProject
Global
	GlobalSection(SolutionConfigurationPlatforms) = preSolution
		Debug|Any CPU = Debug|Any CPU
		Release|Any CPU = Release|Any CPU
	EndGlobalSection
	GlobalSection(ProjectConfigurationPlatforms) = postSolution
		{D9F60879-02CD-C397-45FA-CAAC3F578831}.Debug|Any CPU.ActiveCfg = Debug|Any CPU
		{D9F60879-02CD-C397-45FA-CAAC3F578831}.Debug|Any CPU.Build.0 = Debug|Any CPU
		{D9F60879-02CD-C397-45FA-CAAC3F578831}.Release|Any CPU.ActiveCfg = Release|Any CPU
		{D9F60879-02CD-C397-45FA-CAAC3F578831}.Release|Any CPU.Build.0 = Release|Any CPU
		{CD893B69-087B-2EC7-CFD6-011F6B6A8C90}.Debug|Any CPU.ActiveCfg = Debug|Any CPU
		{CD893B69-087B-2EC7-CFD6-011F6B6A8C90}.Debug|Any CPU.Build.0 = Debug|Any CPU
		{CD893B69-087B-2EC7-CFD6-011F6B6A8C90}.Release|Any CPU.ActiveCfg = Release|Any CPU
		{CD893B69-087B-2EC7-CFD6-011F6B6A8C90}.Release|Any CPU.Build.0 = Release|Any CPU
		{7D4A7FD4-4E94-6D6F-A316-6D2511C280BE}.Debug|Any CPU.ActiveCfg = Debug|Any CPU
		{7D4A7FD4-4E94-6D6F-A316-6D2511C280BE}.Debug|Any CPU.Build.0 = Debug|Any CPU
		{7D4A7FD4-4E94-6D6F-A316-6D2511C280BE}.Release|Any CPU.ActiveCfg = Release|Any CPU
		{7D4A7FD4-4E94-6D6F-A316-6D2511C280BE}.Release|Any CPU.Build.0 = Release|Any CPU
	EndGlobalSection
	GlobalSection(SolutionProperties) = preSolution
		HideSolutionNode = FALSE
	EndGlobalSection
	GlobalSection(MonoDevelopProperties) = preSolution
		StartupItem = Assembly-CSharp.csproj
	EndGlobalSection
EndGlobal
