Microsoft Visual Studio Solution File, Format Version 11.00
# Visual Studio 2008

Project("{14AA4F8D-0AA7-0B69-C701-0F11FEFE5D5B}") = "Cellular Automata - Unity Tutorial", "Assembly-CSharp-firstpass.csproj", "{60C46B5F-9950-E3AA-89C0-908F0BBBD7E8}"
EndProject
Project("{14AA4F8D-0AA7-0B69-C701-0F11FEFE5D5B}") = "Cellular Automata - Unity Tutorial", "Assembly-CSharp.csproj", "{47A53C2D-9CD9-5C77-C55F-338A310C605D}"
EndProject
Project("{14AA4F8D-0AA7-0B69-C701-0F11FEFE5D5B}") = "Cellular Automata - Unity Tutorial", "Assembly-CSharp-Editor.csproj", "{856E5DF8-6A0A-989D-6798-4B76547B3963}"
EndProject
Global
	GlobalSection(SolutionConfigurationPlatforms) = preSolution
		Debug|Any CPU = Debug|Any CPU
		Release|Any CPU = Release|Any CPU
	EndGlobalSection
	GlobalSection(ProjectConfigurationPlatforms) = postSolution
		{60C46B5F-9950-E3AA-89C0-908F0BBBD7E8}.Debug|Any CPU.ActiveCfg = Debug|Any CPU
		{60C46B5F-9950-E3AA-89C0-908F0BBBD7E8}.Debug|Any CPU.Build.0 = Debug|Any CPU
		{60C46B5F-9950-E3AA-89C0-908F0BBBD7E8}.Release|Any CPU.ActiveCfg = Release|Any CPU
		{60C46B5F-9950-E3AA-89C0-908F0BBBD7E8}.Release|Any CPU.Build.0 = Release|Any CPU
		{47A53C2D-9CD9-5C77-C55F-338A310C605D}.Debug|Any CPU.ActiveCfg = Debug|Any CPU
		{47A53C2D-9CD9-5C77-C55F-338A310C605D}.Debug|Any CPU.Build.0 = Debug|Any CPU
		{47A53C2D-9CD9-5C77-C55F-338A310C605D}.Release|Any CPU.ActiveCfg = Release|Any CPU
		{47A53C2D-9CD9-5C77-C55F-338A310C605D}.Release|Any CPU.Build.0 = Release|Any CPU
		{856E5DF8-6A0A-989D-6798-4B76547B3963}.Debug|Any CPU.ActiveCfg = Debug|Any CPU
		{856E5DF8-6A0A-989D-6798-4B76547B3963}.Debug|Any CPU.Build.0 = Debug|Any CPU
		{856E5DF8-6A0A-989D-6798-4B76547B3963}.Release|Any CPU.ActiveCfg = Release|Any CPU
		{856E5DF8-6A0A-989D-6798-4B76547B3963}.Release|Any CPU.Build.0 = Release|Any CPU
	EndGlobalSection
	GlobalSection(SolutionProperties) = preSolution
		HideSolutionNode = FALSE
	EndGlobalSection
																																																																										GlobalSection(MonoDevelopProperties) = preSolution
		StartupItem = Assembly-CSharp.csproj
		Policies = $0
		$0.TextStylePolicy = $1
		$1.inheritsSet = null
		$1.scope = text/x-csharp
		$0.CSharpFormattingPolicy = $2
		$2.inheritsSet = Mono
		$2.inheritsScope = text/x-csharp
		$2.scope = text/x-csharp
		$0.TextStylePolicy = $3
		$3.FileWidth = 120
		$3.TabWidth = 4
		$3.IndentWidth = 4
		$3.EolMarker = Unix
		$3.inheritsSet = Mono
		$3.inheritsScope = text/plain
		$3.scope = text/plain
	EndGlobalSection

EndGlobal
